
Microsoft Visual Studio Solution File, Format Version 12.00
# Visual Studio Version 17
VisualStudioVersion = 17.13.36105.23
MinimumVisualStudioVersion = 10.0.40219.1
Project("{2150E333-8FDC-42A3-9474-1A3956D46DE8}") = "Solution Items", "Solution Items", "{02EA681E-C7D8-13C7-8484-4AC65E1B71E8}"
	ProjectSection(SolutionItems) = preProject
		.editorconfig = .editorconfig
		.gitattributes = .gitattributes
		.gitignore = .gitignore
		azure-pipelines.codecoverage.runsettings = azure-pipelines.codecoverage.runsettings
		azure-pipelines.release.v8.yml = azure-pipelines.release.v8.yml
		azure-pipelines.release.v9.yml = azure-pipelines.release.v9.yml
		azure-pipelines.runsettings = azure-pipelines.runsettings
		azure-pipelines.yml = azure-pipelines.yml
		CODE_OF_CONDUCT.md = CODE_OF_CONDUCT.md
		CONTRIBUTING.md = CONTRIBUTING.md
		Directory.Build.props = Directory.Build.props
		en-US_User.dic = en-US_User.dic
		LICENSE = LICENSE
		README.md = README.md
	EndProjectSection
EndProject
Project("{FAE04EC0-301F-11D3-BF4B-00C04F79EFBC}") = "Atata.AspNetCore.v8", "src\Atata.AspNetCore\Atata.AspNetCore.v8.csproj", "{E11A532D-76BF-3CB8-4D15-DA2CD7427579}"
EndProject
Project("{FAE04EC0-301F-11D3-BF4B-00C04F79EFBC}") = "Atata.AspNetCore.TestApp", "test\Atata.AspNetCore.TestApp\Atata.AspNetCore.TestApp.csproj", "{024D62F2-5AFF-26D6-E55E-BDB8676B9A5A}"
EndProject
Project("{FAE04EC0-301F-11D3-BF4B-00C04F79EFBC}") = "Atata.AspNetCore.v8.IntegrationTests", "test\Atata.AspNetCore.IntegrationTests\Atata.AspNetCore.v8.IntegrationTests.csproj", "{9A37CC52-B336-9BBD-ADC2-68FF1359C7BC}"
EndProject
Project("{FAE04EC0-301F-11D3-BF4B-00C04F79EFBC}") = "Atata.AspNetCore.v9", "src\Atata.AspNetCore\Atata.AspNetCore.v9.csproj", "{4C468F74-6DF7-0B0E-F4B7-DFD58FA03BFE}"
EndProject
Project("{FAE04EC0-301F-11D3-BF4B-00C04F79EFBC}") = "Atata.AspNetCore.v9.IntegrationTests", "test\Atata.AspNetCore.IntegrationTests\Atata.AspNetCore.v9.IntegrationTests.csproj", "{D23F5C61-0789-F1B3-EA12-F1EAE4F01170}"
EndProject
Global
	GlobalSection(SolutionConfigurationPlatforms) = preSolution
		Debug|Any CPU = Debug|Any CPU
		Release|Any CPU = Release|Any CPU
	EndGlobalSection
	GlobalSection(ProjectConfigurationPlatforms) = postSolution
		{E11A532D-76BF-3CB8-4D15-DA2CD7427579}.Debug|Any CPU.ActiveCfg = Debug|Any CPU
		{E11A532D-76BF-3CB8-4D15-DA2CD7427579}.Debug|Any CPU.Build.0 = Debug|Any CPU
		{E11A532D-76BF-3CB8-4D15-DA2CD7427579}.Release|Any CPU.ActiveCfg = Release|Any CPU
		{E11A532D-76BF-3CB8-4D15-DA2CD7427579}.Release|Any CPU.Build.0 = Release|Any CPU
		{024D62F2-5AFF-26D6-E55E-BDB8676B9A5A}.Debug|Any CPU.ActiveCfg = Debug|Any CPU
		{024D62F2-5AFF-26D6-E55E-BDB8676B9A5A}.Debug|Any CPU.Build.0 = Debug|Any CPU
		{024D62F2-5AFF-26D6-E55E-BDB8676B9A5A}.Release|Any CPU.ActiveCfg = Release|Any CPU
		{024D62F2-5AFF-26D6-E55E-BDB8676B9A5A}.Release|Any CPU.Build.0 = Release|Any CPU
		{9A37CC52-B336-9BBD-ADC2-68FF1359C7BC}.Debug|Any CPU.ActiveCfg = Debug|Any CPU
		{9A37CC52-B336-9BBD-ADC2-68FF1359C7BC}.Debug|Any CPU.Build.0 = Debug|Any CPU
		{9A37CC52-B336-9BBD-ADC2-68FF1359C7BC}.Release|Any CPU.ActiveCfg = Release|Any CPU
		{9A37CC52-B336-9BBD-ADC2-68FF1359C7BC}.Release|Any CPU.Build.0 = Release|Any CPU
		{4C468F74-6DF7-0B0E-F4B7-DFD58FA03BFE}.Debug|Any CPU.ActiveCfg = Debug|Any CPU
		{4C468F74-6DF7-0B0E-F4B7-DFD58FA03BFE}.Debug|Any CPU.Build.0 = Debug|Any CPU
		{4C468F74-6DF7-0B0E-F4B7-DFD58FA03BFE}.Release|Any CPU.ActiveCfg = Release|Any CPU
		{4C468F74-6DF7-0B0E-F4B7-DFD58FA03BFE}.Release|Any CPU.Build.0 = Release|Any CPU
		{D23F5C61-0789-F1B3-EA12-F1EAE4F01170}.Debug|Any CPU.ActiveCfg = Debug|Any CPU
		{D23F5C61-0789-F1B3-EA12-F1EAE4F01170}.Debug|Any CPU.Build.0 = Debug|Any CPU
		{D23F5C61-0789-F1B3-EA12-F1EAE4F01170}.Release|Any CPU.ActiveCfg = Release|Any CPU
		{D23F5C61-0789-F1B3-EA12-F1EAE4F01170}.Release|Any CPU.Build.0 = Release|Any CPU
	EndGlobalSection
	GlobalSection(SolutionProperties) = preSolution
		HideSolutionNode = FALSE
	EndGlobalSection
	GlobalSection(ExtensibilityGlobals) = postSolution
		SolutionGuid = {873136BC-4929-4529-A148-A4B4DCF83D23}
	EndGlobalSection
EndGlobal
